Microsoft Visual Studio Solution File, Format Version 12.00
# Visual Studio 14
VisualStudioVersion = 14.0.25123.0
MinimumVisualStudioVersion = 10.0.40219.1
Project("{FAE04EC0-301F-11D3-BF4B-00C04F79EFBC}") = "IO.TrakerrClient", "IO.TrakerrClient\IO.TrakerrClient.csproj", "{A0EE88DC-7890-453B-B0CD-0C5D92487188}"
EndProject
Project("{FAE04EC0-301F-11D3-BF4B-00C04F79EFBC}") = "TrakerrSampleApp", "TrakerrSampleApp\TrakerrSampleApp.csproj", "{5B9C44BC-0826-4DBE-B898-F84D3358DAF4}"
EndProject
Project("{FAE04EC0-301F-11D3-BF4B-00C04F79EFBC}") = "IO.Trakerr", "generated\src\IO.Trakerr\IO.Trakerr.csproj", "{BB542020-52A0-4488-862D-9232D4777DF4}"
EndProject
Project("{FAE04EC0-301F-11D3-BF4B-00C04F79EFBC}") = "IO.Trakerr.Test", "generated\src\IO.Trakerr.Test\IO.Trakerr.Test.csproj", "{19F1DEBC-DE5E-4517-8062-F000CD499087}"
EndProject
Global
	GlobalSection(SolutionConfigurationPlatforms) = preSolution
		Debug|Any CPU = Debug|Any CPU
		Release|Any CPU = Release|Any CPU
	EndGlobalSection
	GlobalSection(ProjectConfigurationPlatforms) = postSolution
		{A0EE88DC-7890-453B-B0CD-0C5D92487188}.Debug|Any CPU.ActiveCfg = Debug|Any CPU
		{A0EE88DC-7890-453B-B0CD-0C5D92487188}.Debug|Any CPU.Build.0 = Debug|Any CPU
		{A0EE88DC-7890-453B-B0CD-0C5D92487188}.Release|Any CPU.ActiveCfg = Release|Any CPU
		{A0EE88DC-7890-453B-B0CD-0C5D92487188}.Release|Any CPU.Build.0 = Release|Any CPU
		{5B9C44BC-0826-4DBE-B898-F84D3358DAF4}.Debug|Any CPU.ActiveCfg = Debug|Any CPU
		{5B9C44BC-0826-4DBE-B898-F84D3358DAF4}.Debug|Any CPU.Build.0 = Debug|Any CPU
		{5B9C44BC-0826-4DBE-B898-F84D3358DAF4}.Release|Any CPU.ActiveCfg = Release|Any CPU
		{5B9C44BC-0826-4DBE-B898-F84D3358DAF4}.Release|Any CPU.Build.0 = Release|Any CPU
		{BB542020-52A0-4488-862D-9232D4777DF4}.Debug|Any CPU.ActiveCfg = Debug|Any CPU
		{BB542020-52A0-4488-862D-9232D4777DF4}.Debug|Any CPU.Build.0 = Debug|Any CPU
		{BB542020-52A0-4488-862D-9232D4777DF4}.Release|Any CPU.ActiveCfg = Release|Any CPU
		{BB542020-52A0-4488-862D-9232D4777DF4}.Release|Any CPU.Build.0 = Release|Any CPU
		{19F1DEBC-DE5E-4517-8062-F000CD499087}.Debug|Any CPU.ActiveCfg = Debug|Any CPU
		{19F1DEBC-DE5E-4517-8062-F000CD499087}.Debug|Any CPU.Build.0 = Debug|Any CPU
		{19F1DEBC-DE5E-4517-8062-F000CD499087}.Release|Any CPU.ActiveCfg = Release|Any CPU
		{19F1DEBC-DE5E-4517-8062-F000CD499087}.Release|Any CPU.Build.0 = Release|Any CPU
	EndGlobalSection
	GlobalSection(SolutionProperties) = preSolution
		HideSolutionNode = FALSE
	EndGlobalSection
EndGlobal
